
Microsoft Visual Studio Solution File, Format Version 12.00
# Visual Studio Version 17
VisualStudioVersion = 17.5.002.0
MinimumVisualStudioVersion = 10.0.40219.1
Project("{9A19103F-16F7-4668-BE54-9A1E7A4F7556}") = "05-MultiModal", "05-MultiModal.csproj", "{3B2CC36E-3190-4B2F-888A-5EEFBAE77890}"
EndProject
Global
	GlobalSection(SolutionConfigurationPlatforms) = preSolution
		Debug|Any CPU = Debug|Any CPU
		Release|Any CPU = Release|Any CPU
	EndGlobalSection
	GlobalSection(ProjectConfigurationPlatforms) = postSolution
		{3B2CC36E-3190-4B2F-888A-5EEFBAE77890}.Debug|Any CPU.ActiveCfg = Debug|Any CPU
		{3B2CC36E-3190-4B2F-888A-5EEFBAE77890}.Debug|Any CPU.Build.0 = Debug|Any CPU
		{3B2CC36E-3190-4B2F-888A-5EEFBAE77890}.Release|Any CPU.ActiveCfg = Release|Any CPU
		{3B2CC36E-3190-4B2F-888A-5EEFBAE77890}.Release|Any CPU.Build.0 = Release|Any CPU
	EndGlobalSection
	GlobalSection(SolutionProperties) = preSolution
		HideSolutionNode = FALSE
	EndGlobalSection
	GlobalSection(ExtensibilityGlobals) = postSolution
		SolutionGuid = {A69BC917-BAD0-4597-BDA3-021F2ECAE81F}
	EndGlobalSection
EndGlobal
