
Microsoft Visual Studio Solution File, Format Version 12.00
# Visual Studio Version 17
VisualStudioVersion = 17.5.002.0
MinimumVisualStudioVersion = 10.0.40219.1
Project("{9A19103F-16F7-4668-BE54-9A1E7A4F7556}") = "03-SimpleRag", "03-SimpleRag.csproj", "{219E4B07-ADE3-4024-8763-88AB4D9E4C92}"
EndProject
Global
	GlobalSection(SolutionConfigurationPlatforms) = preSolution
		Debug|Any CPU = Debug|Any CPU
		Release|Any CPU = Release|Any CPU
	EndGlobalSection
	GlobalSection(ProjectConfigurationPlatforms) = postSolution
		{219E4B07-ADE3-4024-8763-88AB4D9E4C92}.Debug|Any CPU.ActiveCfg = Debug|Any CPU
		{219E4B07-ADE3-4024-8763-88AB4D9E4C92}.Debug|Any CPU.Build.0 = Debug|Any CPU
		{219E4B07-ADE3-4024-8763-88AB4D9E4C92}.Release|Any CPU.ActiveCfg = Release|Any CPU
		{219E4B07-ADE3-4024-8763-88AB4D9E4C92}.Release|Any CPU.Build.0 = Release|Any CPU
	EndGlobalSection
	GlobalSection(SolutionProperties) = preSolution
		HideSolutionNode = FALSE
	EndGlobalSection
	GlobalSection(ExtensibilityGlobals) = postSolution
		SolutionGuid = {DC0106C5-E354-4BE9-BF10-CAD9C9A3B8FA}
	EndGlobalSection
EndGlobal
