
Microsoft Visual Studio Solution File, Format Version 12.00
# Visual Studio Version 17
VisualStudioVersion = 17.5.002.0
MinimumVisualStudioVersion = 10.0.40219.1
Project("{9A19103F-16F7-4668-BE54-9A1E7A4F7556}") = "03-SimpleRag", "03-SimpleRag.csproj", "{D158D0FF-6F94-4405-AF2B-26ADC1ACBE3D}"
EndProject
Global
	GlobalSection(SolutionConfigurationPlatforms) = preSolution
		Debug|Any CPU = Debug|Any CPU
		Release|Any CPU = Release|Any CPU
	EndGlobalSection
	GlobalSection(ProjectConfigurationPlatforms) = postSolution
		{D158D0FF-6F94-4405-AF2B-26ADC1ACBE3D}.Debug|Any CPU.ActiveCfg = Debug|Any CPU
		{D158D0FF-6F94-4405-AF2B-26ADC1ACBE3D}.Debug|Any CPU.Build.0 = Debug|Any CPU
		{D158D0FF-6F94-4405-AF2B-26ADC1ACBE3D}.Release|Any CPU.ActiveCfg = Release|Any CPU
		{D158D0FF-6F94-4405-AF2B-26ADC1ACBE3D}.Release|Any CPU.Build.0 = Release|Any CPU
	EndGlobalSection
	GlobalSection(SolutionProperties) = preSolution
		HideSolutionNode = FALSE
	EndGlobalSection
	GlobalSection(ExtensibilityGlobals) = postSolution
		SolutionGuid = {C2757D52-4690-4BA0-9B86-190C362EBF2D}
	EndGlobalSection
EndGlobal
