
Microsoft Visual Studio Solution File, Format Version 12.00
# Visual Studio Version 17
VisualStudioVersion = 17.5.002.0
MinimumVisualStudioVersion = 10.0.40219.1
Project("{9A19103F-16F7-4668-BE54-9A1E7A4F7556}") = "02-PersonaChat", "02-PersonaChat.csproj", "{7EF044C8-98AA-46CB-B622-D29175927F39}"
EndProject
Global
	GlobalSection(SolutionConfigurationPlatforms) = preSolution
		Debug|Any CPU = Debug|Any CPU
		Release|Any CPU = Release|Any CPU
	EndGlobalSection
	GlobalSection(ProjectConfigurationPlatforms) = postSolution
		{7EF044C8-98AA-46CB-B622-D29175927F39}.Debug|Any CPU.ActiveCfg = Debug|Any CPU
		{7EF044C8-98AA-46CB-B622-D29175927F39}.Debug|Any CPU.Build.0 = Debug|Any CPU
		{7EF044C8-98AA-46CB-B622-D29175927F39}.Release|Any CPU.ActiveCfg = Release|Any CPU
		{7EF044C8-98AA-46CB-B622-D29175927F39}.Release|Any CPU.Build.0 = Release|Any CPU
	EndGlobalSection
	GlobalSection(SolutionProperties) = preSolution
		HideSolutionNode = FALSE
	EndGlobalSection
	GlobalSection(ExtensibilityGlobals) = postSolution
		SolutionGuid = {2B0554B1-DEFD-4E94-83ED-5067200B15CC}
	EndGlobalSection
EndGlobal
